
Microsoft Visual Studio Solution File, Format Version 12.00
# Visual Studio Version 16
VisualStudioVersion = 16.0.28803.352
MinimumVisualStudioVersion = 10.0.40219.1
Project("{FAE04EC0-301F-11D3-BF4B-00C04F79EFBC}") = "AppGG1", "AppGG1\AppGG1.csproj", "{9005A414-29EF-4157-A038-AE1D228CCB59}"
EndProject
Global
	GlobalSection(SolutionConfigurationPlatforms) = preSolution
		Debug|Any CPU = Debug|Any CPU
		Release|Any CPU = Release|Any CPU
	EndGlobalSection
	GlobalSection(ProjectConfigurationPlatforms) = postSolution
		{9005A414-29EF-4157-A038-AE1D228CCB59}.Debug|Any CPU.ActiveCfg = Debug|Any CPU
		{9005A414-29EF-4157-A038-AE1D228CCB59}.Debug|Any CPU.Build.0 = Debug|Any CPU
		{9005A414-29EF-4157-A038-AE1D228CCB59}.Release|Any CPU.ActiveCfg = Release|Any CPU
		{9005A414-29EF-4157-A038-AE1D228CCB59}.Release|Any CPU.Build.0 = Release|Any CPU
	EndGlobalSection
	GlobalSection(SolutionProperties) = preSolution
		HideSolutionNode = FALSE
	EndGlobalSection
	GlobalSection(ExtensibilityGlobals) = postSolution
		SolutionGuid = {2FB76DA2-4380-467D-A8A5-43AFB5359A0E}
	EndGlobalSection
EndGlobal
